Microsoft Visual Studio Solution File, Format Version 12.00
# Visual Studio Version 17
VisualStudioVersion = 17.7.34031.279
MinimumVisualStudioVersion = 10.0.40219.1
Project("{9A19103F-16F7-4668-BE54-9A1E7A4F7556}") = "Tests", "tests\Tests.csproj", "{ACA2B97C-4762-4660-AA8B-D0A707F0A788}"
EndProject
Project("{9A19103F-16F7-4668-BE54-9A1E7A4F7556}") = "Domain", "src\Domain\Domain.csproj", "{2254CF59-99F6-42C9-B6F6-4E396BADCB03}"
EndProject
Project("{9A19103F-16F7-4668-BE54-9A1E7A4F7556}") = "Console", "src\Console\Console.csproj", "{8EE0274E-E2DC-4B12-AFF2-913B1F098248}"
EndProject
Global
	GlobalSection(SolutionConfigurationPlatforms) = preSolution
		Debug|Any CPU = Debug|Any CPU
		Release|Any CPU = Release|Any CPU
	EndGlobalSection
	GlobalSection(ProjectConfigurationPlatforms) = postSolution
		{ACA2B97C-4762-4660-AA8B-D0A707F0A788}.Debug|Any CPU.ActiveCfg = Debug|Any CPU
		{ACA2B97C-4762-4660-AA8B-D0A707F0A788}.Debug|Any CPU.Build.0 = Debug|Any CPU
		{ACA2B97C-4762-4660-AA8B-D0A707F0A788}.Release|Any CPU.ActiveCfg = Release|Any CPU
		{ACA2B97C-4762-4660-AA8B-D0A707F0A788}.Release|Any CPU.Build.0 = Release|Any CPU
		{2254CF59-99F6-42C9-B6F6-4E396BADCB03}.Debug|Any CPU.ActiveCfg = Debug|Any CPU
		{2254CF59-99F6-42C9-B6F6-4E396BADCB03}.Debug|Any CPU.Build.0 = Debug|Any CPU
		{2254CF59-99F6-42C9-B6F6-4E396BADCB03}.Release|Any CPU.ActiveCfg = Release|Any CPU
		{2254CF59-99F6-42C9-B6F6-4E396BADCB03}.Release|Any CPU.Build.0 = Release|Any CPU
		{8EE0274E-E2DC-4B12-AFF2-913B1F098248}.Debug|Any CPU.ActiveCfg = Debug|Any CPU
		{8EE0274E-E2DC-4B12-AFF2-913B1F098248}.Debug|Any CPU.Build.0 = Debug|Any CPU
		{8EE0274E-E2DC-4B12-AFF2-913B1F098248}.Release|Any CPU.ActiveCfg = Release|Any CPU
		{8EE0274E-E2DC-4B12-AFF2-913B1F098248}.Release|Any CPU.Build.0 = Release|Any CPU
	EndGlobalSection
	GlobalSection(SolutionProperties) = preSolution
		HideSolutionNode = FALSE
	EndGlobalSection
	GlobalSection(ExtensibilityGlobals) = postSolution
		SolutionGuid = {D4C90EBE-4748-44A0-BE49-BBFFC4D0BFE5}
	EndGlobalSection
EndGlobal
